{
  "name": "global",
  "version": "1.0.0",
  "lockfileVersion": 3,
  "requires": true,
  "packages": {
    "": {
      "name": "global",
      "version": "1.0.0",
      "license": "ISC",
      "dependencies": {
        "verletjs": "^0.1.0"
      }
    },
    "node_modules/verletjs": {
      "version": "0.1.2",
      "resolved": "https://registry.npmjs.org/verletjs/-/verletjs-0.1.2.tgz",
      "integrity": "sha512-W3dpqsQZZMtagESwLkg6KL56CvjdbZlW/IFWtXLbinv5hN3JCL976mL1sZ7r6GwPfYwvr0M5f4pOLHGYhafodQ==",
      "license": "ISC"
    }
  }
}
